{
    "hash": "7b6bd1c4da65b219362ff4b1a9c8835e",
    "packages": [
        {
            "package": "webignition/quoted-string",
            "version": "0.2"
        },
        {
            "package": "webignition/string-parser",
            "version": "0.1"
        }
    ],
    "packages-dev": null,
    "aliases": [

    ],
    "minimum-stability": "stable",
    "stability-flags": [

    ]
}
